
Microsoft Visual Studio Solution File, Format Version 12.00
# Visual Studio Version 17
VisualStudioVersion = 17.9.34607.119
MinimumVisualStudioVersion = 10.0.40219.1
Project("{9A19103F-16F7-4668-BE54-9A1E7A4F7556}") = "shiennymendeline.github.io", "shiennymendeline.github.io.csproj", "{56BA912F-C95B-4A3D-8F8B-DB899C8EE352}"
EndProject
Global
	GlobalSection(SolutionConfigurationPlatforms) = preSolution
		Debug|Any CPU = Debug|Any CPU
		Release|Any CPU = Release|Any CPU
	EndGlobalSection
	GlobalSection(ProjectConfigurationPlatforms) = postSolution
		{56BA912F-C95B-4A3D-8F8B-DB899C8EE352}.Debug|Any CPU.ActiveCfg = Debug|Any CPU
		{56BA912F-C95B-4A3D-8F8B-DB899C8EE352}.Debug|Any CPU.Build.0 = Debug|Any CPU
		{56BA912F-C95B-4A3D-8F8B-DB899C8EE352}.Release|Any CPU.ActiveCfg = Release|Any CPU
		{56BA912F-C95B-4A3D-8F8B-DB899C8EE352}.Release|Any CPU.Build.0 = Release|Any CPU
	EndGlobalSection
	GlobalSection(SolutionProperties) = preSolution
		HideSolutionNode = FALSE
	EndGlobalSection
	GlobalSection(ExtensibilityGlobals) = postSolution
		SolutionGuid = {C7C15431-205B-48FD-BE92-0C107F1BC457}
	EndGlobalSection
EndGlobal
